// !$*UTF8*$!
{
	archiveVersion = 1;
	classes = {
	};
	objectVersion = 46;
	objects = {

/* Begin PBXBuildFile section */
		1F00C38622B703A500715506 /* PopupDialog.swift in Sources */ = {isa = PBXBuildFile; fileRef = 1F00C38522B703A500715506 /* PopupDialog.swift */; };
		1F065E6D22AD8ADF0037BEA1 /* GoogleService-Info.plist in Resources */ = {isa = PBXBuildFile; fileRef = 1F065E6C22AD8ADF0037BEA1 /* GoogleService-Info.plist */; };
		1F065E6F22AD8CC90037BEA1 /* FirebaseUtils.swift in Sources */ = {isa = PBXBuildFile; fileRef = 1F065E6E22AD8CC90037BEA1 /* FirebaseUtils.swift */; };
		1F0B6E8F1EE8668900180020 /* DroidSans.ttf in Resources */ = {isa = PBXBuildFile; fileRef = 1FCB0FE71E2B3684006463AE /* DroidSans.ttf */; };
		1F0C23551E6FB644006004CD /* AttributeCell.xib in Resources */ = {isa = PBXBuildFile; fileRef = 1F0C23541E6FB644006004CD /* AttributeCell.xib */; };
		1F0C23571E6FB6E2006004CD /* AttributeTableViewCell.swift in Sources */ = {isa = PBXBuildFile; fileRef = 1F0C23561E6FB6E2006004CD /* AttributeTableViewCell.swift */; };
		1F0D87901F3E70B000ED894A /* AboutViewController.swift in Sources */ = {isa = PBXBuildFile; fileRef = 1F0D878F1F3E70B000ED894A /* AboutViewController.swift */; };
		1F123F831FE5A92600FEAC84 /* privacy.txt in Resources */ = {isa = PBXBuildFile; fileRef = 1F123F811FE5A92500FEAC84 /* privacy.txt */; };
		1F123F841FE5A92600FEAC84 /* license.txt in Resources */ = {isa = PBXBuildFile; fileRef = 1F123F821FE5A92500FEAC84 /* license.txt */; };
		1F13B5001F047DFF002B6E44 /* DataPointViewController.swift in Sources */ = {isa = PBXBuildFile; fileRef = 1F13B4FF1F047DFF002B6E44 /* DataPointViewController.swift */; };
		1F15D0911F27101400DFA60B /* AddDataHeader.xib in Resources */ = {isa = PBXBuildFile; fileRef = 1F15D0901F27101400DFA60B /* AddDataHeader.xib */; };
		1F1A4B7D2061FCF8005E7D45 /* TestCases.plist in Resources */ = {isa = PBXBuildFile; fileRef = 1F1A4B7C2061FCF8005E7D45 /* TestCases.plist */; };
		1F1E7BCD1F3D2F4A00399FB7 /* APICall.swift in Sources */ = {isa = PBXBuildFile; fileRef = 1F1E7BCC1F3D2F4A00399FB7 /* APICall.swift */; };
		1F2013BD22BA0154000183FE /* FirebaseUtils-GetData.swift in Sources */ = {isa = PBXBuildFile; fileRef = 1F2013BC22BA0154000183FE /* FirebaseUtils-GetData.swift */; };
		1F2013BF22BA01A6000183FE /* FirebaseUtils-Storage.swift in Sources */ = {isa = PBXBuildFile; fileRef = 1F2013BE22BA01A6000183FE /* FirebaseUtils-Storage.swift */; };
		1F2544F31FFBF04A0031C9F8 /* UserNotifications.framework in Frameworks */ = {isa = PBXBuildFile; fileRef = 1F2544F21FFBF04A0031C9F8 /* UserNotifications.framework */; };
		1F2544F51FFC0C5C0031C9F8 /* SettingsTableViewController.swift in Sources */ = {isa = PBXBuildFile; fileRef = 1F2544F41FFC0C5C0031C9F8 /* SettingsTableViewController.swift */; };
		1F2544F71FFC9C490031C9F8 /* SettingsManager.swift in Sources */ = {isa = PBXBuildFile; fileRef = 1F2544F61FFC9C490031C9F8 /* SettingsManager.swift */; };
		1F261B8E205EFC9600CF5A16 /* GreenDataPoint.swift in Sources */ = {isa = PBXBuildFile; fileRef = 1F261B8D205EFC9600CF5A16 /* GreenDataPoint.swift */; };
		1F2B0B001E3E5C9F00C48BB2 /* GreenfootModal.swift in Sources */ = {isa = PBXBuildFile; fileRef = 1F2B0AFF1E3E5C9F00C48BB2 /* GreenfootModal.swift */; };
		1F487AA71EFAC9700072D28F /* BarGraph.swift in Sources */ = {isa = PBXBuildFile; fileRef = 1F487AA61EFAC9700072D28F /* BarGraph.swift */; };
		1F5D88D81E46418700BEE99B /* GraphViewController.swift in Sources */ = {isa = PBXBuildFile; fileRef = 1F5D88D71E46418700BEE99B /* GraphViewController.swift */; };
		1F66654C205B748200FCD30C /* GreenfootTests.swift in Sources */ = {isa = PBXBuildFile; fileRef = 1F66654B205B748200FCD30C /* GreenfootTests.swift */; };
		1F6C73B61EDB593C006A0003 /* EditDataCell.xib in Resources */ = {isa = PBXBuildFile; fileRef = 1F6C73B51EDB593C006A0003 /* EditDataCell.xib */; };
		1F6EF2881EF07903000EF403 /* CoreLocation.framework in Frameworks */ = {isa = PBXBuildFile; fileRef = 1F6EF2871EF07903000EF403 /* CoreLocation.framework */; };
		1F70CCBC1E105D0600AD351A /* AppDelegate.swift in Sources */ = {isa = PBXBuildFile; fileRef = 1F70CCBB1E105D0600AD351A /* AppDelegate.swift */; };
		1F70CCBE1E105D0600AD351A /* SummaryViewController.swift in Sources */ = {isa = PBXBuildFile; fileRef = 1F70CCBD1E105D0600AD351A /* SummaryViewController.swift */; };
		1F70CCC11E105D0600AD351A /* Main.storyboard in Resources */ = {isa = PBXBuildFile; fileRef = 1F70CCBF1E105D0600AD351A /* Main.storyboard */; };
		1F70CCC31E105D0600AD351A /* Assets.xcassets in Resources */ = {isa = PBXBuildFile; fileRef = 1F70CCC21E105D0600AD351A /* Assets.xcassets */; };
		1F70CCC61E105D0600AD351A /* LaunchScreen.storyboard in Resources */ = {isa = PBXBuildFile; fileRef = 1F70CCC41E105D0600AD351A /* LaunchScreen.storyboard */; };
		1F9195061E67922B0035A4AD /* BulkDataViewController.swift in Sources */ = {isa = PBXBuildFile; fileRef = 1F9195051E67922B0035A4AD /* BulkDataViewController.swift */; };
		1F91DDE41E1570A70020371F /* GeosansLight.ttf in Resources */ = {isa = PBXBuildFile; fileRef = 1F91DDE31E1570A70020371F /* GeosansLight.ttf */; };
		1F92AEA91F01650C006DBE25 /* HistoryViewController.swift in Sources */ = {isa = PBXBuildFile; fileRef = 1F92AEA81F01650C006DBE25 /* HistoryViewController.swift */; };
		1F92AEAB1F017207006DBE25 /* MonthlyChangeTableViewCell.swift in Sources */ = {isa = PBXBuildFile; fileRef = 1F92AEAA1F017207006DBE25 /* MonthlyChangeTableViewCell.swift */; };
		1F92AEAD1F01721C006DBE25 /* MonthlyChangeCell.xib in Resources */ = {isa = PBXBuildFile; fileRef = 1F92AEAC1F01721C006DBE25 /* MonthlyChangeCell.xib */; };
		1F9BEE8C1E6FB4FB00CD5B46 /* AttributeTableViewController.swift in Sources */ = {isa = PBXBuildFile; fileRef = 1F9BEE8B1E6FB4FB00CD5B46 /* AttributeTableViewController.swift */; };
		1FA018A01EE394D6005ED9E2 /* DrivingDataViewController.swift in Sources */ = {isa = PBXBuildFile; fileRef = 1FA0189F1EE394D6005ED9E2 /* DrivingDataViewController.swift */; };
		1FA018A21EE39629005ED9E2 /* DrivingHeader.xib in Resources */ = {isa = PBXBuildFile; fileRef = 1FA018A11EE39629005ED9E2 /* DrivingHeader.xib */; };
		1FA737F91F001F4100B721D0 /* APIRequestManager.swift in Sources */ = {isa = PBXBuildFile; fileRef = 1FA737F81F001F4100B721D0 /* APIRequestManager.swift */; };
		1FA917BC1EC54CD400C6ABE9 /* TutorialPageViewController.swift in Sources */ = {isa = PBXBuildFile; fileRef = 1FA917BB1EC54CD400C6ABE9 /* TutorialPageViewController.swift */; };
		1FA917BE1EC5543F00C6ABE9 /* TutorialViewController.swift in Sources */ = {isa = PBXBuildFile; fileRef = 1FA917BD1EC5543F00C6ABE9 /* TutorialViewController.swift */; };
		1FAB86151ED78C3F00104969 /* Raleway-Regular.ttf in Resources */ = {isa = PBXBuildFile; fileRef = 1FAB86141ED78C3F00104969 /* Raleway-Regular.ttf */; };
		1FAFFB03201AE11A0015CF4B /* Account.storyboard in Resources */ = {isa = PBXBuildFile; fileRef = 1FAFFB02201AE11A0015CF4B /* Account.storyboard */; };
		1FB08D50202E01FD00D4C20C /* DrivingData.swift in Sources */ = {isa = PBXBuildFile; fileRef = 1FB08D4F202E01FD00D4C20C /* DrivingData.swift */; };
		1FC291D41EF19A2A007F7835 /* GreenData.swift in Sources */ = {isa = PBXBuildFile; fileRef = 1FC291D31EF19A2A007F7835 /* GreenData.swift */; };
		1FC291D61EF1C235007F7835 /* CoreData.framework in Frameworks */ = {isa = PBXBuildFile; fileRef = 1FC291D51EF1C235007F7835 /* CoreData.framework */; };
		1FC291DA1EF1C9F2007F7835 /* greenfoot.xcdatamodeld in Sources */ = {isa = PBXBuildFile; fileRef = 1FC291D71EF1C25E007F7835 /* greenfoot.xcdatamodeld */; };
		1FC291DF1EF1CE8D007F7835 /* CoreDataHelper.swift in Sources */ = {isa = PBXBuildFile; fileRef = 1FC291DE1EF1CE8D007F7835 /* CoreDataHelper.swift */; };
		1FC515661F32D0650021DC1D /* Raleway-Bold.ttf in Resources */ = {isa = PBXBuildFile; fileRef = 1FC515651F32D0650021DC1D /* Raleway-Bold.ttf */; };
		1FC962EC1FF4B48600C6F686 /* BarGraphFooter.xib in Resources */ = {isa = PBXBuildFile; fileRef = 1FC962EB1FF4B48600C6F686 /* BarGraphFooter.xib */; };
		1FE6E1C122B5BAB5004C0E81 /* FirebaseObject.swift in Sources */ = {isa = PBXBuildFile; fileRef = 1FE6E1C022B5BAB5004C0E81 /* FirebaseObject.swift */; };
		1FEE9FD01FFB1086002D0458 /* AttributeDescriptionCell.xib in Resources */ = {isa = PBXBuildFile; fileRef = 1FEE9FCF1FFB1086002D0458 /* AttributeDescriptionCell.xib */; };
		1FF8B6B21EE8B8B3007BB5D3 /* InputToolbar.swift in Sources */ = {isa = PBXBuildFile; fileRef = 1FF8B6B11EE8B8B3007BB5D3 /* InputToolbar.swift */; };
		28D5E3560046B69D741C08F5 /* Pods_Greenfoot.framework in Frameworks */ = {isa = PBXBuildFile; fileRef = 88667CDCA87C300010E84CC8 /* Pods_Greenfoot.framework */; };
/* End PBXBuildFile section */

/* Begin PBXContainerItemProxy section */
		1F66654E205B748200FCD30C /* PBXContainerItemProxy */ = {
			isa = PBXContainerItemProxy;
			containerPortal = 1F70CCB01E105D0600AD351A /* Project object */;
			proxyType = 1;
			remoteGlobalIDString = 1F70CCB71E105D0600AD351A;
			remoteInfo = Greenfoot;
		};
/* End PBXContainerItemProxy section */

/* Begin PBXFileReference section */
		1F00C38522B703A500715506 /* PopupDialog.swift */ = {isa = PBXFileReference; lastKnownFileType = sourcecode.swift; path = PopupDialog.swift; sourceTree = "<group>"; };
		1F065E6C22AD8ADF0037BEA1 /* GoogleService-Info.plist */ = {isa = PBXFileReference; fileEncoding = 4; lastKnownFileType = text.plist.xml; path = "GoogleService-Info.plist"; sourceTree = SOURCE_ROOT; };
		1F065E6E22AD8CC90037BEA1 /* FirebaseUtils.swift */ = {isa = PBXFileReference; lastKnownFileType = sourcecode.swift; path = FirebaseUtils.swift; sourceTree = "<group>"; };
		1F0C23541E6FB644006004CD /* AttributeCell.xib */ = {isa = PBXFileReference; fileEncoding = 4; lastKnownFileType = file.xib; path = AttributeCell.xib; sourceTree = "<group>"; };
		1F0C23561E6FB6E2006004CD /* AttributeTableViewCell.swift */ = {isa = PBXFileReference; fileEncoding = 4; lastKnownFileType = sourcecode.swift; path = AttributeTableViewCell.swift; sourceTree = "<group>"; };
		1F0D878F1F3E70B000ED894A /* AboutViewController.swift */ = {isa = PBXFileReference; fileEncoding = 4; lastKnownFileType = sourcecode.swift; path = AboutViewController.swift; sourceTree = "<group>"; };
		1F123F811FE5A92500FEAC84 /* privacy.txt */ = {isa = PBXFileReference; fileEncoding = 4; lastKnownFileType = text; path = privacy.txt; sourceTree = "<group>"; };
		1F123F821FE5A92500FEAC84 /* license.txt */ = {isa = PBXFileReference; fileEncoding = 4; lastKnownFileType = text; path = license.txt; sourceTree = "<group>"; };
		1F13B4FF1F047DFF002B6E44 /* DataPointViewController.swift */ = {isa = PBXFileReference; fileEncoding = 4; lastKnownFileType = sourcecode.swift; path = DataPointViewController.swift; sourceTree = "<group>"; };
		1F15D0901F27101400DFA60B /* AddDataHeader.xib */ = {isa = PBXFileReference; fileEncoding = 4; lastKnownFileType = file.xib; path = AddDataHeader.xib; sourceTree = "<group>"; };
		1F1A4B7C2061FCF8005E7D45 /* TestCases.plist */ = {isa = PBXFileReference; lastKnownFileType = text.plist.xml; path = TestCases.plist; sourceTree = "<group>"; };
		1F1E7BCC1F3D2F4A00399FB7 /* APICall.swift */ = {isa = PBXFileReference; fileEncoding = 4; lastKnownFileType = sourcecode.swift; path = APICall.swift; sourceTree = "<group>"; };
		1F2013BC22BA0154000183FE /* FirebaseUtils-GetData.swift */ = {isa = PBXFileReference; lastKnownFileType = sourcecode.swift; path = "FirebaseUtils-GetData.swift"; sourceTree = "<group>"; };
		1F2013BE22BA01A6000183FE /* FirebaseUtils-Storage.swift */ = {isa = PBXFileReference; lastKnownFileType = sourcecode.swift; path = "FirebaseUtils-Storage.swift"; sourceTree = "<group>"; };
		1F2544EF1FFBEE4E0031C9F8 /* Greenfoot.entitlements */ = {isa = PBXFileReference; lastKnownFileType = text.plist.entitlements; path = Greenfoot.entitlements; sourceTree = "<group>"; };
		1F2544F01FFBEF150031C9F8 /* NotificationCenter.framework */ = {isa = PBXFileReference; lastKnownFileType = wrapper.framework; name = NotificationCenter.framework; path = System/Library/Frameworks/NotificationCenter.framework; sourceTree = SDKROOT; };
		1F2544F21FFBF04A0031C9F8 /* UserNotifications.framework */ = {isa = PBXFileReference; lastKnownFileType = wrapper.framework; name = UserNotifications.framework; path = System/Library/Frameworks/UserNotifications.framework; sourceTree = SDKROOT; };
		1F2544F41FFC0C5C0031C9F8 /* SettingsTableViewController.swift */ = {isa = PBXFileReference; lastKnownFileType = sourcecode.swift; path = SettingsTableViewController.swift; sourceTree = "<group>"; };
		1F2544F61FFC9C490031C9F8 /* SettingsManager.swift */ = {isa = PBXFileReference; lastKnownFileType = sourcecode.swift; path = SettingsManager.swift; sourceTree = "<group>"; };
		1F261B8D205EFC9600CF5A16 /* GreenDataPoint.swift */ = {isa = PBXFileReference; lastKnownFileType = sourcecode.swift; path = GreenDataPoint.swift; sourceTree = "<group>"; };
		1F2B0AFF1E3E5C9F00C48BB2 /* GreenfootModal.swift */ = {isa = PBXFileReference; fileEncoding = 4; lastKnownFileType = sourcecode.swift; path = GreenfootModal.swift; sourceTree = SOURCE_ROOT; };
		1F487AA61EFAC9700072D28F /* BarGraph.swift */ = {isa = PBXFileReference; fileEncoding = 4; lastKnownFileType = sourcecode.swift; path = BarGraph.swift; sourceTree = "<group>"; };
		1F5D88D71E46418700BEE99B /* GraphViewController.swift */ = {isa = PBXFileReference; fileEncoding = 4; lastKnownFileType = sourcecode.swift; path = GraphViewController.swift; sourceTree = "<group>"; };
		1F666549205B748200FCD30C /* GreenfootTests.xctest */ = {isa = PBXFileReference; explicitFileType = wrapper.cfbundle; includeInIndex = 0; path = GreenfootTests.xctest; sourceTree = BUILT_PRODUCTS_DIR; };
		1F66654B205B748200FCD30C /* GreenfootTests.swift */ = {isa = PBXFileReference; lastKnownFileType = sourcecode.swift; path = GreenfootTests.swift; sourceTree = "<group>"; };
		1F66654D205B748200FCD30C /* Info.plist */ = {isa = PBXFileReference; lastKnownFileType = text.plist.xml; path = Info.plist; sourceTree = "<group>"; };
		1F6C73B51EDB593C006A0003 /* EditDataCell.xib */ = {isa = PBXFileReference; fileEncoding = 4; lastKnownFileType = file.xib; path = EditDataCell.xib; sourceTree = "<group>"; };
		1F6EF2871EF07903000EF403 /* CoreLocation.framework */ = {isa = PBXFileReference; lastKnownFileType = wrapper.framework; name = CoreLocation.framework; path = System/Library/Frameworks/CoreLocation.framework; sourceTree = SDKROOT; };
		1F70CCB81E105D0600AD351A /* Greenfoot.app */ = {isa = PBXFileReference; explicitFileType = wrapper.application; includeInIndex = 0; path = Greenfoot.app; sourceTree = BUILT_PRODUCTS_DIR; };
		1F70CCBB1E105D0600AD351A /* AppDelegate.swift */ = {isa = PBXFileReference; lastKnownFileType = sourcecode.swift; path = AppDelegate.swift; sourceTree = "<group>"; };
		1F70CCBD1E105D0600AD351A /* SummaryViewController.swift */ = {isa = PBXFileReference; lastKnownFileType = sourcecode.swift; path = SummaryViewController.swift; sourceTree = "<group>"; };
		1F70CCC01E105D0600AD351A /* Base */ = {isa = PBXFileReference; lastKnownFileType = file.storyboard; name = Base; path = Base.lproj/Main.storyboard; sourceTree = "<group>"; };
		1F70CCC21E105D0600AD351A /* Assets.xcassets */ = {isa = PBXFileReference; lastKnownFileType = folder.assetcatalog; path = Assets.xcassets; sourceTree = "<group>"; };
		1F70CCC51E105D0600AD351A /* Base */ = {isa = PBXFileReference; lastKnownFileType = file.storyboard; name = Base; path = Base.lproj/LaunchScreen.storyboard; sourceTree = "<group>"; };
		1F70CCC71E105D0600AD351A /* Info.plist */ = {isa = PBXFileReference; lastKnownFileType = text.plist.xml; path = Info.plist; sourceTree = "<group>"; };
		1F9195051E67922B0035A4AD /* BulkDataViewController.swift */ = {isa = PBXFileReference; fileEncoding = 4; lastKnownFileType = sourcecode.swift; path = BulkDataViewController.swift; sourceTree = "<group>"; };
		1F91DDE31E1570A70020371F /* GeosansLight.ttf */ = {isa = PBXFileReference; lastKnownFileType = file; path = GeosansLight.ttf; sourceTree = "<group>"; };
		1F92AEA81F01650C006DBE25 /* HistoryViewController.swift */ = {isa = PBXFileReference; fileEncoding = 4; lastKnownFileType = sourcecode.swift; path = HistoryViewController.swift; sourceTree = "<group>"; };
		1F92AEAA1F017207006DBE25 /* MonthlyChangeTableViewCell.swift */ = {isa = PBXFileReference; fileEncoding = 4; lastKnownFileType = sourcecode.swift; path = MonthlyChangeTableViewCell.swift; sourceTree = "<group>"; };
		1F92AEAC1F01721C006DBE25 /* MonthlyChangeCell.xib */ = {isa = PBXFileReference; fileEncoding = 4; lastKnownFileType = file.xib; path = MonthlyChangeCell.xib; sourceTree = "<group>"; };
		1F9BEE8B1E6FB4FB00CD5B46 /* AttributeTableViewController.swift */ = {isa = PBXFileReference; fileEncoding = 4; lastKnownFileType = sourcecode.swift; path = AttributeTableViewController.swift; sourceTree = "<group>"; };
		1FA0189F1EE394D6005ED9E2 /* DrivingDataViewController.swift */ = {isa = PBXFileReference; fileEncoding = 4; lastKnownFileType = sourcecode.swift; path = DrivingDataViewController.swift; sourceTree = "<group>"; };
		1FA018A11EE39629005ED9E2 /* DrivingHeader.xib */ = {isa = PBXFileReference; fileEncoding = 4; lastKnownFileType = file.xib; path = DrivingHeader.xib; sourceTree = "<group>"; };
		1FA737F81F001F4100B721D0 /* APIRequestManager.swift */ = {isa = PBXFileReference; fileEncoding = 4; lastKnownFileType = sourcecode.swift; path = APIRequestManager.swift; sourceTree = "<group>"; };
		1FA917BB1EC54CD400C6ABE9 /* TutorialPageViewController.swift */ = {isa = PBXFileReference; fileEncoding = 4; lastKnownFileType = sourcecode.swift; path = TutorialPageViewController.swift; sourceTree = "<group>"; };
		1FA917BD1EC5543F00C6ABE9 /* TutorialViewController.swift */ = {isa = PBXFileReference; fileEncoding = 4; lastKnownFileType = sourcecode.swift; path = TutorialViewController.swift; sourceTree = "<group>"; };
		1FAB86141ED78C3F00104969 /* Raleway-Regular.ttf */ = {isa = PBXFileReference; lastKnownFileType = file; path = "Raleway-Regular.ttf"; sourceTree = "<group>"; };
		1FAFFB02201AE11A0015CF4B /* Account.storyboard */ = {isa = PBXFileReference; lastKnownFileType = file.storyboard; path = Account.storyboard; sourceTree = "<group>"; };
		1FB08D4F202E01FD00D4C20C /* DrivingData.swift */ = {isa = PBXFileReference; lastKnownFileType = sourcecode.swift; path = DrivingData.swift; sourceTree = "<group>"; };
		1FC291D31EF19A2A007F7835 /* GreenData.swift */ = {isa = PBXFileReference; fileEncoding = 4; lastKnownFileType = sourcecode.swift; path = GreenData.swift; sourceTree = "<group>"; };
		1FC291D51EF1C235007F7835 /* CoreData.framework */ = {isa = PBXFileReference; lastKnownFileType = wrapper.framework; name = CoreData.framework; path = System/Library/Frameworks/CoreData.framework; sourceTree = SDKROOT; };
		1FC291D81EF1C25E007F7835 /* greenfoot.xcdatamodel */ = {isa = PBXFileReference; lastKnownFileType = wrapper.xcdatamodel; path = greenfoot.xcdatamodel; sourceTree = "<group>"; };
		1FC291DE1EF1CE8D007F7835 /* CoreDataHelper.swift */ = {isa = PBXFileReference; fileEncoding = 4; lastKnownFileType = sourcecode.swift; path = CoreDataHelper.swift; sourceTree = "<group>"; };
		1FC515651F32D0650021DC1D /* Raleway-Bold.ttf */ = {isa = PBXFileReference; lastKnownFileType = file; path = "Raleway-Bold.ttf"; sourceTree = "<group>"; };
		1FC962EB1FF4B48600C6F686 /* BarGraphFooter.xib */ = {isa = PBXFileReference; lastKnownFileType = file.xib; path = BarGraphFooter.xib; sourceTree = "<group>"; };
		1FCB0FE71E2B3684006463AE /* DroidSans.ttf */ = {isa = PBXFileReference; lastKnownFileType = file; path = DroidSans.ttf; sourceTree = "<group>"; };
		1FE6E1C022B5BAB5004C0E81 /* FirebaseObject.swift */ = {isa = PBXFileReference; lastKnownFileType = sourcecode.swift; path = FirebaseObject.swift; sourceTree = "<group>"; };
		1FEE9FCF1FFB1086002D0458 /* AttributeDescriptionCell.xib */ = {isa = PBXFileReference; lastKnownFileType = file.xib; path = AttributeDescriptionCell.xib; sourceTree = "<group>"; };
		1FF8B6B11EE8B8B3007BB5D3 /* InputToolbar.swift */ = {isa = PBXFileReference; fileEncoding = 4; lastKnownFileType = sourcecode.swift; path = InputToolbar.swift; sourceTree = "<group>"; };
		6AC0A5254D86C03173AE76C5 /* Pods-Greenfoot.debug.xcconfig */ = {isa = PBXFileReference; includeInIndex = 1; lastKnownFileType = text.xcconfig; name = "Pods-Greenfoot.debug.xcconfig"; path = "Pods/Target Support Files/Pods-Greenfoot/Pods-Greenfoot.debug.xcconfig"; sourceTree = "<group>"; };
		7348CB52CC0198E382221D74 /* Pods-Greenfoot.release.xcconfig */ = {isa = PBXFileReference; includeInIndex = 1; lastKnownFileType = text.xcconfig; name = "Pods-Greenfoot.release.xcconfig"; path = "Pods/Target Support Files/Pods-Greenfoot/Pods-Greenfoot.release.xcconfig"; sourceTree = "<group>"; };
		88667CDCA87C300010E84CC8 /* Pods_Greenfoot.framework */ = {isa = PBXFileReference; explicitFileType = wrapper.framework; includeInIndex = 0; path = Pods_Greenfoot.framework; sourceTree = BUILT_PRODUCTS_DIR; };
/* End PBXFileReference section */

/* Begin PBXFrameworksBuildPhase section */
		1F666546205B748200FCD30C /* Frameworks */ = {
			isa = PBXFrameworksBuildPhase;
			buildActionMask = 2147483647;
			files = (
			);
			runOnlyForDeploymentPostprocessing = 0;
		};
		1F70CCB51E105D0600AD351A /* Frameworks */ = {
			isa = PBXFrameworksBuildPhase;
			buildActionMask = 2147483647;
			files = (
				1F2544F31FFBF04A0031C9F8 /* UserNotifications.framework in Frameworks */,
				1FC291D61EF1C235007F7835 /* CoreData.framework in Frameworks */,
				1F6EF2881EF07903000EF403 /* CoreLocation.framework in Frameworks */,
				28D5E3560046B69D741C08F5 /* Pods_Greenfoot.framework in Frameworks */,
			);
			runOnlyForDeploymentPostprocessing = 0;
		};
/* End PBXFrameworksBuildPhase section */

/* Begin PBXGroup section */
		1F14FADF1EF71498005E9F33 /* Views */ = {
			isa = PBXGroup;
			children = (
				1F487AA61EFAC9700072D28F /* BarGraph.swift */,
				1FF8B6B11EE8B8B3007BB5D3 /* InputToolbar.swift */,
				1F0C23561E6FB6E2006004CD /* AttributeTableViewCell.swift */,
				1F92AEAA1F017207006DBE25 /* MonthlyChangeTableViewCell.swift */,
				1FAFFB02201AE11A0015CF4B /* Account.storyboard */,
				1FA018A11EE39629005ED9E2 /* DrivingHeader.xib */,
				1F15D0901F27101400DFA60B /* AddDataHeader.xib */,
				1F0C23541E6FB644006004CD /* AttributeCell.xib */,
				1FEE9FCF1FFB1086002D0458 /* AttributeDescriptionCell.xib */,
				1F6C73B51EDB593C006A0003 /* EditDataCell.xib */,
				1F70CCBF1E105D0600AD351A /* Main.storyboard */,
				1F92AEAC1F01721C006DBE25 /* MonthlyChangeCell.xib */,
				1FC962EB1FF4B48600C6F686 /* BarGraphFooter.xib */,
				1F00C38522B703A500715506 /* PopupDialog.swift */,
			);
			name = Views;
			sourceTree = "<group>";
		};
		1F2013BB22BA0130000183FE /* Firebase */ = {
			isa = PBXGroup;
			children = (
				1F065E6E22AD8CC90037BEA1 /* FirebaseUtils.swift */,
				1FE6E1C022B5BAB5004C0E81 /* FirebaseObject.swift */,
				1F2013BC22BA0154000183FE /* FirebaseUtils-GetData.swift */,
				1F2013BE22BA01A6000183FE /* FirebaseUtils-Storage.swift */,
			);
			name = Firebase;
			sourceTree = "<group>";
		};
		1F66654A205B748200FCD30C /* GreenfootTests */ = {
			isa = PBXGroup;
			children = (
				1F66654B205B748200FCD30C /* GreenfootTests.swift */,
				1F66654D205B748200FCD30C /* Info.plist */,
				1F1A4B7C2061FCF8005E7D45 /* TestCases.plist */,
			);
			path = GreenfootTests;
			sourceTree = "<group>";
		};
		1F70CCAF1E105D0600AD351A = {
			isa = PBXGroup;
			children = (
				1F70CCBA1E105D0600AD351A /* Greenfoot */,
				1F66654A205B748200FCD30C /* GreenfootTests */,
				1F70CCB91E105D0600AD351A /* Products */,
				2476062C8B5184B0A0347710 /* Pods */,
				E473182E0F49E8B1125128CF /* Frameworks */,
			);
			sourceTree = "<group>";
		};
		1F70CCB91E105D0600AD351A /* Products */ = {
			isa = PBXGroup;
			children = (
				1F70CCB81E105D0600AD351A /* Greenfoot.app */,
				1F666549205B748200FCD30C /* GreenfootTests.xctest */,
			);
			name = Products;
			sourceTree = "<group>";
		};
		1F70CCBA1E105D0600AD351A /* Greenfoot */ = {
			isa = PBXGroup;
			children = (
				1F065E6C22AD8ADF0037BEA1 /* GoogleService-Info.plist */,
				1F2544EF1FFBEE4E0031C9F8 /* Greenfoot.entitlements */,
				1F123F821FE5A92500FEAC84 /* license.txt */,
				1F123F811FE5A92500FEAC84 /* privacy.txt */,
				1FC859BA1E147F4C007F7393 /* Fonts */,
				1FC291DB1EF1CDB6007F7835 /* Modal */,
				1F14FADF1EF71498005E9F33 /* Views */,
				1F5D88D71E46418700BEE99B /* GraphViewController.swift */,
				1F0D878F1F3E70B000ED894A /* AboutViewController.swift */,
				1FA0189F1EE394D6005ED9E2 /* DrivingDataViewController.swift */,
				1F9195051E67922B0035A4AD /* BulkDataViewController.swift */,
				1F13B4FF1F047DFF002B6E44 /* DataPointViewController.swift */,
				1F70CCBB1E105D0600AD351A /* AppDelegate.swift */,
				1F70CCBD1E105D0600AD351A /* SummaryViewController.swift */,
				1F9BEE8B1E6FB4FB00CD5B46 /* AttributeTableViewController.swift */,
				1F70CCC21E105D0600AD351A /* Assets.xcassets */,
				1F70CCC41E105D0600AD351A /* LaunchScreen.storyboard */,
				1F70CCC71E105D0600AD351A /* Info.plist */,
				1FA917BB1EC54CD400C6ABE9 /* TutorialPageViewController.swift */,
				1FA917BD1EC5543F00C6ABE9 /* TutorialViewController.swift */,
				1F92AEA81F01650C006DBE25 /* HistoryViewController.swift */,
				1F2544F41FFC0C5C0031C9F8 /* SettingsTableViewController.swift */,
			);
			path = Greenfoot;
			sourceTree = "<group>";
		};
		1FC291DB1EF1CDB6007F7835 /* Modal */ = {
			isa = PBXGroup;
			children = (
				1F2544F61FFC9C490031C9F8 /* SettingsManager.swift */,
				1FC291D31EF19A2A007F7835 /* GreenData.swift */,
				1FB08D4F202E01FD00D4C20C /* DrivingData.swift */,
				1F2B0AFF1E3E5C9F00C48BB2 /* GreenfootModal.swift */,
				1FC291D71EF1C25E007F7835 /* greenfoot.xcdatamodeld */,
				1FC291DE1EF1CE8D007F7835 /* CoreDataHelper.swift */,
				1FA737F81F001F4100B721D0 /* APIRequestManager.swift */,
				1F1E7BCC1F3D2F4A00399FB7 /* APICall.swift */,
				1F261B8D205EFC9600CF5A16 /* GreenDataPoint.swift */,
				1F2013BB22BA0130000183FE /* Firebase */,
			);
			name = Modal;
			sourceTree = "<group>";
		};
		1FC859BA1E147F4C007F7393 /* Fonts */ = {
			isa = PBXGroup;
			children = (
				1FC515651F32D0650021DC1D /* Raleway-Bold.ttf */,
				1FAB86141ED78C3F00104969 /* Raleway-Regular.ttf */,
				1FCB0FE71E2B3684006463AE /* DroidSans.ttf */,
				1F91DDE31E1570A70020371F /* GeosansLight.ttf */,
			);
			name = Fonts;
			sourceTree = "<group>";
		};
		2476062C8B5184B0A0347710 /* Pods */ = {
			isa = PBXGroup;
			children = (
				6AC0A5254D86C03173AE76C5 /* Pods-Greenfoot.debug.xcconfig */,
				7348CB52CC0198E382221D74 /* Pods-Greenfoot.release.xcconfig */,
			);
			name = Pods;
			sourceTree = "<group>";
		};
		E473182E0F49E8B1125128CF /* Frameworks */ = {
			isa = PBXGroup;
			children = (
				1F2544F21FFBF04A0031C9F8 /* UserNotifications.framework */,
				1F2544F01FFBEF150031C9F8 /* NotificationCenter.framework */,
				1FC291D51EF1C235007F7835 /* CoreData.framework */,
				1F6EF2871EF07903000EF403 /* CoreLocation.framework */,
				88667CDCA87C300010E84CC8 /* Pods_Greenfoot.framework */,
			);
			name = Frameworks;
			sourceTree = "<group>";
		};
/* End PBXGroup section */

/* Begin PBXNativeTarget section */
		1F666548205B748200FCD30C /* GreenfootTests */ = {
			isa = PBXNativeTarget;
			buildConfigurationList = 1F666552205B748200FCD30C /* Build configuration list for PBXNativeTarget "GreenfootTests" */;
			buildPhases = (
				1F666545205B748200FCD30C /* Sources */,
				1F666546205B748200FCD30C /* Frameworks */,
				1F666547205B748200FCD30C /* Resources */,
			);
			buildRules = (
			);
			dependencies = (
				1F66654F205B748200FCD30C /* PBXTargetDependency */,
			);
			name = GreenfootTests;
			productName = GreenfootTests;
			productReference = 1F666549205B748200FCD30C /* GreenfootTests.xctest */;
			productType = "com.apple.product-type.bundle.unit-test";
		};
		1F70CCB71E105D0600AD351A /* Greenfoot */ = {
			isa = PBXNativeTarget;
			buildConfigurationList = 1F70CCCA1E105D0600AD351A /* Build configuration list for PBXNativeTarget "Greenfoot" */;
			buildPhases = (
				E3C3C7C3BE8F906CE2BCDEAF /* [CP] Check Pods Manifest.lock */,
				1F70CCB41E105D0600AD351A /* Sources */,
				1F70CCB51E105D0600AD351A /* Frameworks */,
				1F70CCB61E105D0600AD351A /* Resources */,
				FFEB0A537B8973393DEAC0BF /* [CP] Embed Pods Frameworks */,
			);
			buildRules = (
			);
			dependencies = (
			);
			name = Greenfoot;
			productName = Greenfoot;
			productReference = 1F70CCB81E105D0600AD351A /* Greenfoot.app */;
			productType = "com.apple.product-type.application";
		};
/* End PBXNativeTarget section */

/* Begin PBXProject section */
		1F70CCB01E105D0600AD351A /* Project object */ = {
			isa = PBXProject;
			attributes = {
				LastSwiftUpdateCheck = 0920;
				LastUpgradeCheck = 0930;
				ORGANIZATIONNAME = "Anmol Parande";
				TargetAttributes = {
					1F666548205B748200FCD30C = {
						CreatedOnToolsVersion = 9.2;
						DevelopmentTeam = CZ787F8MST;
						ProvisioningStyle = Automatic;
						TestTargetID = 1F70CCB71E105D0600AD351A;
					};
					1F70CCB71E105D0600AD351A = {
						CreatedOnToolsVersion = 8.1;
						DevelopmentTeam = CZ787F8MST;
						ProvisioningStyle = Automatic;
						SystemCapabilities = {
							com.apple.Push = {
								enabled = 1;
							};
						};
					};
				};
			};
			buildConfigurationList = 1F70CCB31E105D0600AD351A /* Build configuration list for PBXProject "Greenfoot" */;
			compatibilityVersion = "Xcode 3.2";
			developmentRegion = English;
			hasScannedForEncodings = 0;
			knownRegions = (
				English,
				en,
				Base,
			);
			mainGroup = 1F70CCAF1E105D0600AD351A;
			productRefGroup = 1F70CCB91E105D0600AD351A /* Products */;
			projectDirPath = "";
			projectRoot = "";
			targets = (
				1F70CCB71E105D0600AD351A /* Greenfoot */,
				1F666548205B748200FCD30C /* GreenfootTests */,
			);
		};
/* End PBXProject section */

/* Begin PBXResourcesBuildPhase section */
		1F666547205B748200FCD30C /* Resources */ = {
			isa = PBXResourcesBuildPhase;
			buildActionMask = 2147483647;
			files = (
				1F1A4B7D2061FCF8005E7D45 /* TestCases.plist in Resources */,
			);
			runOnlyForDeploymentPostprocessing = 0;
		};
		1F70CCB61E105D0600AD351A /* Resources */ = {
			isa = PBXResourcesBuildPhase;
			buildActionMask = 2147483647;
			files = (
				1F0B6E8F1EE8668900180020 /* DroidSans.ttf in Resources */,
				1F123F831FE5A92600FEAC84 /* privacy.txt in Resources */,
				1F0C23551E6FB644006004CD /* AttributeCell.xib in Resources */,
				1F91DDE41E1570A70020371F /* GeosansLight.ttf in Resources */,
				1F15D0911F27101400DFA60B /* AddDataHeader.xib in Resources */,
				1FEE9FD01FFB1086002D0458 /* AttributeDescriptionCell.xib in Resources */,
				1F92AEAD1F01721C006DBE25 /* MonthlyChangeCell.xib in Resources */,
				1FAB86151ED78C3F00104969 /* Raleway-Regular.ttf in Resources */,
				1F70CCC61E105D0600AD351A /* LaunchScreen.storyboard in Resources */,
				1FC515661F32D0650021DC1D /* Raleway-Bold.ttf in Resources */,
				1FC962EC1FF4B48600C6F686 /* BarGraphFooter.xib in Resources */,
				1F065E6D22AD8ADF0037BEA1 /* GoogleService-Info.plist in Resources */,
				1F70CCC31E105D0600AD351A /* Assets.xcassets in Resources */,
				1F123F841FE5A92600FEAC84 /* license.txt in Resources */,
				1FA018A21EE39629005ED9E2 /* DrivingHeader.xib in Resources */,
				1FAFFB03201AE11A0015CF4B /* Account.storyboard in Resources */,
				1F70CCC11E105D0600AD351A /* Main.storyboard in Resources */,
				1F6C73B61EDB593C006A0003 /* EditDataCell.xib in Resources */,
			);
			runOnlyForDeploymentPostprocessing = 0;
		};
/* End PBXResourcesBuildPhase section */

/* Begin PBXShellScriptBuildPhase section */
		E3C3C7C3BE8F906CE2BCDEAF /* [CP] Check Pods Manifest.lock */ = {
			isa = PBXShellScriptBuildPhase;
			buildActionMask = 2147483647;
			files = (
			);
			inputPaths = (
				"${PODS_PODFILE_DIR_PATH}/Podfile.lock",
				"${PODS_ROOT}/Manifest.lock",
			);
			name = "[CP] Check Pods Manifest.lock";
			outputPaths = (
				"$(DERIVED_FILE_DIR)/Pods-Greenfoot-checkManifestLockResult.txt",
			);
			runOnlyForDeploymentPostprocessing = 0;
			shellPath = /bin/sh;
			shellScript = "diff \"${PODS_PODFILE_DIR_PATH}/Podfile.lock\" \"${PODS_ROOT}/Manifest.lock\" > /dev/null\nif [ $? != 0 ] ; then\n    # print error to STDERR\n    echo \"error: The sandbox is not in sync with the Podfile.lock. Run 'pod install' or update your CocoaPods installation.\" >&2\n    exit 1\nfi\n# This output is used by Xcode 'outputs' to avoid re-running this script phase.\necho \"SUCCESS\" > \"${SCRIPT_OUTPUT_FILE_0}\"\n";
			showEnvVarsInLog = 0;
		};
		FFEB0A537B8973393DEAC0BF /* [CP] Embed Pods Frameworks */ = {
			isa = PBXShellScriptBuildPhase;
			buildActionMask = 2147483647;
			files = (
			);
			inputPaths = (
				"${SRCROOT}/Pods/Target Support Files/Pods-Greenfoot/Pods-Greenfoot-frameworks.sh",
				"${BUILT_PRODUCTS_DIR}/BoringSSL-GRPC/openssl_grpc.framework",
				"${BUILT_PRODUCTS_DIR}/Charts/Charts.framework",
				"${BUILT_PRODUCTS_DIR}/DynamicBlurView/DynamicBlurView.framework",
				"${BUILT_PRODUCTS_DIR}/GTMSessionFetcher/GTMSessionFetcher.framework",
				"${BUILT_PRODUCTS_DIR}/GoogleUtilities/GoogleUtilities.framework",
				"${BUILT_PRODUCTS_DIR}/Material/Material.framework",
				"${BUILT_PRODUCTS_DIR}/Motion/Motion.framework",
				"${BUILT_PRODUCTS_DIR}/PopupDialog/PopupDialog.framework",
				"${BUILT_PRODUCTS_DIR}/Protobuf/Protobuf.framework",
				"${BUILT_PRODUCTS_DIR}/gRPC-C++/grpcpp.framework",
				"${BUILT_PRODUCTS_DIR}/gRPC-Core/grpc.framework",
				"${BUILT_PRODUCTS_DIR}/leveldb-library/leveldb.framework",
				"${BUILT_PRODUCTS_DIR}/nanopb/nanopb.framework",
			);
			name = "[CP] Embed Pods Frameworks";
			outputPaths = (
				"${TARGET_BUILD_DIR}/${FRAMEWORKS_FOLDER_PATH}/openssl_grpc.framework",
				"${TARGET_BUILD_DIR}/${FRAMEWORKS_FOLDER_PATH}/Charts.framework",
				"${TARGET_BUILD_DIR}/${FRAMEWORKS_FOLDER_PATH}/DynamicBlurView.framework",
				"${TARGET_BUILD_DIR}/${FRAMEWORKS_FOLDER_PATH}/GTMSessionFetcher.framework",
				"${TARGET_BUILD_DIR}/${FRAMEWORKS_FOLDER_PATH}/GoogleUtilities.framework",
				"${TARGET_BUILD_DIR}/${FRAMEWORKS_FOLDER_PATH}/Material.framework",
				"${TARGET_BUILD_DIR}/${FRAMEWORKS_FOLDER_PATH}/Motion.framework",
				"${TARGET_BUILD_DIR}/${FRAMEWORKS_FOLDER_PATH}/PopupDialog.framework",
				"${TARGET_BUILD_DIR}/${FRAMEWORKS_FOLDER_PATH}/Protobuf.framework",
				"${TARGET_BUILD_DIR}/${FRAMEWORKS_FOLDER_PATH}/grpcpp.framework",
				"${TARGET_BUILD_DIR}/${FRAMEWORKS_FOLDER_PATH}/grpc.framework",
				"${TARGET_BUILD_DIR}/${FRAMEWORKS_FOLDER_PATH}/leveldb.framework",
				"${TARGET_BUILD_DIR}/${FRAMEWORKS_FOLDER_PATH}/nanopb.framework",
			);
			runOnlyForDeploymentPostprocessing = 0;
			shellPath = /bin/sh;
			shellScript = "\"${SRCROOT}/Pods/Target Support Files/Pods-Greenfoot/Pods-Greenfoot-frameworks.sh\"\n";
			showEnvVarsInLog = 0;
		};
/* End PBXShellScriptBuildPhase section */

/* Begin PBXSourcesBuildPhase section */
		1F666545205B748200FCD30C /* Sources */ = {
			isa = PBXSourcesBuildPhase;
			buildActionMask = 2147483647;
			files = (
				1F66654C205B748200FCD30C /* GreenfootTests.swift in Sources */,
			);
			runOnlyForDeploymentPostprocessing = 0;
		};
		1F70CCB41E105D0600AD351A /* Sources */ = {
			isa = PBXSourcesBuildPhase;
			buildActionMask = 2147483647;
			files = (
				1F487AA71EFAC9700072D28F /* BarGraph.swift in Sources */,
				1FF8B6B21EE8B8B3007BB5D3 /* InputToolbar.swift in Sources */,
				1F261B8E205EFC9600CF5A16 /* GreenDataPoint.swift in Sources */,
				1F9BEE8C1E6FB4FB00CD5B46 /* AttributeTableViewController.swift in Sources */,
				1F2013BD22BA0154000183FE /* FirebaseUtils-GetData.swift in Sources */,
				1F92AEA91F01650C006DBE25 /* HistoryViewController.swift in Sources */,
				1F2013BF22BA01A6000183FE /* FirebaseUtils-Storage.swift in Sources */,
				1F70CCBE1E105D0600AD351A /* SummaryViewController.swift in Sources */,
				1F1E7BCD1F3D2F4A00399FB7 /* APICall.swift in Sources */,
				1FC291DA1EF1C9F2007F7835 /* greenfoot.xcdatamodeld in Sources */,
				1F2544F71FFC9C490031C9F8 /* SettingsManager.swift in Sources */,
				1FA917BC1EC54CD400C6ABE9 /* TutorialPageViewController.swift in Sources */,
				1FB08D50202E01FD00D4C20C /* DrivingData.swift in Sources */,
				1F0C23571E6FB6E2006004CD /* AttributeTableViewCell.swift in Sources */,
				1F00C38622B703A500715506 /* PopupDialog.swift in Sources */,
				1F92AEAB1F017207006DBE25 /* MonthlyChangeTableViewCell.swift in Sources */,
				1F0D87901F3E70B000ED894A /* AboutViewController.swift in Sources */,
				1FE6E1C122B5BAB5004C0E81 /* FirebaseObject.swift in Sources */,
				1F2B0B001E3E5C9F00C48BB2 /* GreenfootModal.swift in Sources */,
				1FA737F91F001F4100B721D0 /* APIRequestManager.swift in Sources */,
				1FA018A01EE394D6005ED9E2 /* DrivingDataViewController.swift in Sources */,
				1F2544F51FFC0C5C0031C9F8 /* SettingsTableViewController.swift in Sources */,
				1F13B5001F047DFF002B6E44 /* DataPointViewController.swift in Sources */,
				1F5D88D81E46418700BEE99B /* GraphViewController.swift in Sources */,
				1FA917BE1EC5543F00C6ABE9 /* TutorialViewController.swift in Sources */,
				1F70CCBC1E105D0600AD351A /* AppDelegate.swift in Sources */,
				1F065E6F22AD8CC90037BEA1 /* FirebaseUtils.swift in Sources */,
				1FC291DF1EF1CE8D007F7835 /* CoreDataHelper.swift in Sources */,
				1FC291D41EF19A2A007F7835 /* GreenData.swift in Sources */,
				1F9195061E67922B0035A4AD /* BulkDataViewController.swift in Sources */,
			);
			runOnlyForDeploymentPostprocessing = 0;
		};
/* End PBXSourcesBuildPhase section */

/* Begin PBXTargetDependency section */
		1F66654F205B748200FCD30C /* PBXTargetDependency */ = {
			isa = PBXTargetDependency;
			target = 1F70CCB71E105D0600AD351A /* Greenfoot */;
			targetProxy = 1F66654E205B748200FCD30C /* PBXContainerItemProxy */;
		};
/* End PBXTargetDependency section */

/* Begin PBXVariantGroup section */
		1F70CCBF1E105D0600AD351A /* Main.storyboard */ = {
			isa = PBXVariantGroup;
			children = (
				1F70CCC01E105D0600AD351A /* Base */,
			);
			name = Main.storyboard;
			sourceTree = "<group>";
		};
		1F70CCC41E105D0600AD351A /* LaunchScreen.storyboard */ = {
			isa = PBXVariantGroup;
			children = (
				1F70CCC51E105D0600AD351A /* Base */,
			);
			name = LaunchScreen.storyboard;
			sourceTree = "<group>";
		};
/* End PBXVariantGroup section */

/* Begin XCBuildConfiguration section */
		1F666550205B748200FCD30C /* Debug */ = {
			isa = XCBuildConfiguration;
			buildSettings = {
				BUNDLE_LOADER = "$(TEST_HOST)";
				CLANG_ANALYZER_NUMBER_OBJECT_CONVERSION = YES_AGGRESSIVE;
				CLANG_CXX_LANGUAGE_STANDARD = "gnu++14";
				CLANG_WARN_UNGUARDED_AVAILABILITY = YES_AGGRESSIVE;
				CODE_SIGN_IDENTITY = "iPhone Developer";
				CODE_SIGN_STYLE = Automatic;
				DEVELOPMENT_TEAM = CZ787F8MST;
				GCC_C_LANGUAGE_STANDARD = gnu11;
				INFOPLIST_FILE = GreenfootTests/Info.plist;
				IPHONEOS_DEPLOYMENT_TARGET = 11.2;
				LD_RUNPATH_SEARCH_PATHS = "$(inherited) @executable_path/Frameworks @loader_path/Frameworks";
				PRODUCT_BUNDLE_IDENTIFIER = AParande.GreenfootTests;
				PRODUCT_NAME = "$(TARGET_NAME)";
				SWIFT_VERSION = 4.0;
				TARGETED_DEVICE_FAMILY = "1,2";
				TEST_HOST = "$(BUILT_PRODUCTS_DIR)/Greenfoot.app/Greenfoot";
			};
			name = Debug;
		};
		1F666551205B748200FCD30C /* Release */ = {
			isa = XCBuildConfiguration;
			buildSettings = {
				BUNDLE_LOADER = "$(TEST_HOST)";
				CLANG_ANALYZER_NUMBER_OBJECT_CONVERSION = YES_AGGRESSIVE;
				CLANG_CXX_LANGUAGE_STANDARD = "gnu++14";
				CLANG_WARN_UNGUARDED_AVAILABILITY = YES_AGGRESSIVE;
				CODE_SIGN_IDENTITY = "iPhone Developer";
				CODE_SIGN_STYLE = Automatic;
				DEVELOPMENT_TEAM = CZ787F8MST;
				GCC_C_LANGUAGE_STANDARD = gnu11;
				INFOPLIST_FILE = GreenfootTests/Info.plist;
				IPHONEOS_DEPLOYMENT_TARGET = 11.2;
				LD_RUNPATH_SEARCH_PATHS = "$(inherited) @executable_path/Frameworks @loader_path/Frameworks";
				PRODUCT_BUNDLE_IDENTIFIER = AParande.GreenfootTests;
				PRODUCT_NAME = "$(TARGET_NAME)";
				SWIFT_VERSION = 4.0;
				TARGETED_DEVICE_FAMILY = "1,2";
				TEST_HOST = "$(BUILT_PRODUCTS_DIR)/Greenfoot.app/Greenfoot";
			};
			name = Release;
		};
		1F70CCC81E105D0600AD351A /* Debug */ = {
			isa = XCBuildConfiguration;
			buildSettings = {
				ALWAYS_SEARCH_USER_PATHS = NO;
				CLANG_ANALYZER_NONNULL = YES;
				CLANG_CXX_LANGUAGE_STANDARD = "gnu++0x";
				CLANG_CXX_LIBRARY = "libc++";
				CLANG_ENABLE_MODULES = YES;
				CLANG_ENABLE_OBJC_ARC = YES;
				CLANG_WARN_BLOCK_CAPTURE_AUTORELEASING = YES;
				CLANG_WARN_BOOL_CONVERSION = YES;
				CLANG_WARN_COMMA = YES;
				CLANG_WARN_CONSTANT_CONVERSION = YES;
				CLANG_WARN_DEPRECATED_OBJC_IMPLEMENTATIONS = YES;
				CLANG_WARN_DIRECT_OBJC_ISA_USAGE = YES_ERROR;
				CLANG_WARN_DOCUMENTATION_COMMENTS = YES;
				CLANG_WARN_EMPTY_BODY = YES;
				CLANG_WARN_ENUM_CONVERSION = YES;
				CLANG_WARN_INFINITE_RECURSION = YES;
				CLANG_WARN_INT_CONVERSION = YES;
				CLANG_WARN_NON_LITERAL_NULL_CONVERSION = YES;
				CLANG_WARN_OBJC_IMPLICIT_RETAIN_SELF = YES;
				CLANG_WARN_OBJC_LITERAL_CONVERSION = YES;
				CLANG_WARN_OBJC_ROOT_CLASS = YES_ERROR;
				CLANG_WARN_RANGE_LOOP_ANALYSIS = YES;
				CLANG_WARN_STRICT_PROTOTYPES = YES;
				CLANG_WARN_SUSPICIOUS_MOVE = YES;
				CLANG_WARN_SUSPICIOUS_MOVES = YES;
				CLANG_WARN_UNREACHABLE_CODE = YES;
				CLANG_WARN__DUPLICATE_METHOD_MATCH = YES;
				"CODE_SIGN_IDENTITY[sdk=iphoneos*]" = "iPhone Developer";
				COPY_PHASE_STRIP = NO;
				DEBUG_INFORMATION_FORMAT = dwarf;
				ENABLE_STRICT_OBJC_MSGSEND = YES;
				ENABLE_TESTABILITY = YES;
				GCC_C_LANGUAGE_STANDARD = gnu99;
				GCC_DYNAMIC_NO_PIC = NO;
				GCC_NO_COMMON_BLOCKS = YES;
				GCC_OPTIMIZATION_LEVEL = 0;
				GCC_PREPROCESSOR_DEFINITIONS = (
					"DEBUG=1",
					"$(inherited)",
				);
				GCC_WARN_64_TO_32_BIT_CONVERSION = YES;
				GCC_WARN_ABOUT_RETURN_TYPE = YES_ERROR;
				GCC_WARN_UNDECLARED_SELECTOR = YES;
				GCC_WARN_UNINITIALIZED_AUTOS = YES_AGGRESSIVE;
				GCC_WARN_UNUSED_FUNCTION = YES;
				GCC_WARN_UNUSED_VARIABLE = YES;
				IPHONEOS_DEPLOYMENT_TARGET = 10.1;
				MTL_ENABLE_DEBUG_INFO = YES;
				ONLY_ACTIVE_ARCH = YES;
				SDKROOT = iphoneos;
				SWIFT_ACTIVE_COMPILATION_CONDITIONS = DEBUG;
				SWIFT_OPTIMIZATION_LEVEL = "-Onone";
			};
			name = Debug;
		};
		1F70CCC91E105D0600AD351A /* Release */ = {
			isa = XCBuildConfiguration;
			buildSettings = {
				ALWAYS_SEARCH_USER_PATHS = NO;
				CLANG_ANALYZER_NONNULL = YES;
				CLANG_CXX_LANGUAGE_STANDARD = "gnu++0x";
				CLANG_CXX_LIBRARY = "libc++";
				CLANG_ENABLE_MODULES = YES;
				CLANG_ENABLE_OBJC_ARC = YES;
				CLANG_WARN_BLOCK_CAPTURE_AUTORELEASING = YES;
				CLANG_WARN_BOOL_CONVERSION = YES;
				CLANG_WARN_COMMA = YES;
				CLANG_WARN_CONSTANT_CONVERSION = YES;
				CLANG_WARN_DEPRECATED_OBJC_IMPLEMENTATIONS = YES;
				CLANG_WARN_DIRECT_OBJC_ISA_USAGE = YES_ERROR;
				CLANG_WARN_DOCUMENTATION_COMMENTS = YES;
				CLANG_WARN_EMPTY_BODY = YES;
				CLANG_WARN_ENUM_CONVERSION = YES;
				CLANG_WARN_INFINITE_RECURSION = YES;
				CLANG_WARN_INT_CONVERSION = YES;
				CLANG_WARN_NON_LITERAL_NULL_CONVERSION = YES;
				CLANG_WARN_OBJC_IMPLICIT_RETAIN_SELF = YES;
				CLANG_WARN_OBJC_LITERAL_CONVERSION = YES;
				CLANG_WARN_OBJC_ROOT_CLASS = YES_ERROR;
				CLANG_WARN_RANGE_LOOP_ANALYSIS = YES;
				CLANG_WARN_STRICT_PROTOTYPES = YES;
				CLANG_WARN_SUSPICIOUS_MOVE = YES;
				CLANG_WARN_SUSPICIOUS_MOVES = YES;
				CLANG_WARN_UNREACHABLE_CODE = YES;
				CLANG_WARN__DUPLICATE_METHOD_MATCH = YES;
				"CODE_SIGN_IDENTITY[sdk=iphoneos*]" = "iPhone Developer";
				COPY_PHASE_STRIP = NO;
				DEBUG_INFORMATION_FORMAT = "dwarf-with-dsym";
				ENABLE_NS_ASSERTIONS = NO;
				ENABLE_STRICT_OBJC_MSGSEND = YES;
				GCC_C_LANGUAGE_STANDARD = gnu99;
				GCC_NO_COMMON_BLOCKS = YES;
				GCC_WARN_64_TO_32_BIT_CONVERSION = YES;
				GCC_WARN_ABOUT_RETURN_TYPE = YES_ERROR;
				GCC_WARN_UNDECLARED_SELECTOR = YES;
				GCC_WARN_UNINITIALIZED_AUTOS = YES_AGGRESSIVE;
				GCC_WARN_UNUSED_FUNCTION = YES;
				GCC_WARN_UNUSED_VARIABLE = YES;
				IPHONEOS_DEPLOYMENT_TARGET = 10.1;
				MTL_ENABLE_DEBUG_INFO = NO;
				SDKROOT = iphoneos;
				SWIFT_OPTIMIZATION_LEVEL = "-Owholemodule";
				VALIDATE_PRODUCT = YES;
			};
			name = Release;
		};
		1F70CCCB1E105D0600AD351A /* Debug */ = {
			isa = XCBuildConfiguration;
			baseConfigurationReference = 6AC0A5254D86C03173AE76C5 /* Pods-Greenfoot.debug.xcconfig */;
			buildSettings = {
				ALWAYS_EMBED_SWIFT_STANDARD_LIBRARIES = YES;
				ASSETCATALOG_COMPILER_APPICON_NAME = AppIcon;
				CODE_SIGN_ENTITLEMENTS = Greenfoot/Greenfoot.entitlements;
				DEVELOPMENT_TEAM = CZ787F8MST;
				INFOPLIST_FILE = Greenfoot/Info.plist;
				IPHONEOS_DEPLOYMENT_TARGET = 10.0;
				LD_RUNPATH_SEARCH_PATHS = "$(inherited) @executable_path/Frameworks";
				PRODUCT_BUNDLE_IDENTIFIER = com.aparande.gogreen;
				PRODUCT_NAME = "$(TARGET_NAME)";
				SWIFT_VERSION = 4.0;
				TARGETED_DEVICE_FAMILY = "1,2";
			};
			name = Debug;
		};
		1F70CCCC1E105D0600AD351A /* Release */ = {
			isa = XCBuildConfiguration;
			baseConfigurationReference = 7348CB52CC0198E382221D74 /* Pods-Greenfoot.release.xcconfig */;
			buildSettings = {
				ALWAYS_EMBED_SWIFT_STANDARD_LIBRARIES = YES;
				ASSETCATALOG_COMPILER_APPICON_NAME = AppIcon;
				CODE_SIGN_ENTITLEMENTS = Greenfoot/Greenfoot.entitlements;
				DEVELOPMENT_TEAM = CZ787F8MST;
				INFOPLIST_FILE = Greenfoot/Info.plist;
				IPHONEOS_DEPLOYMENT_TARGET = 10.0;
				LD_RUNPATH_SEARCH_PATHS = "$(inherited) @executable_path/Frameworks";
				PRODUCT_BUNDLE_IDENTIFIER = com.aparande.gogreen;
				PRODUCT_NAME = "$(TARGET_NAME)";
				SWIFT_VERSION = 4.0;
				TARGETED_DEVICE_FAMILY = "1,2";
			};
			name = Release;
		};
/* End XCBuildConfiguration section */

/* Begin XCConfigurationList section */
		1F666552205B748200FCD30C /* Build configuration list for PBXNativeTarget "GreenfootTests" */ = {
			isa = XCConfigurationList;
			buildConfigurations = (
				1F666550205B748200FCD30C /* Debug */,
				1F666551205B748200FCD30C /* Release */,
			);
			defaultConfigurationIsVisible = 0;
			defaultConfigurationName = Release;
		};
		1F70CCB31E105D0600AD351A /* Build configuration list for PBXProject "Greenfoot" */ = {
			isa = XCConfigurationList;
			buildConfigurations = (
				1F70CCC81E105D0600AD351A /* Debug */,
				1F70CCC91E105D0600AD351A /* Release */,
			);
			defaultConfigurationIsVisible = 0;
			defaultConfigurationName = Release;
		};
		1F70CCCA1E105D0600AD351A /* Build configuration list for PBXNativeTarget "Greenfoot" */ = {
			isa = XCConfigurationList;
			buildConfigurations = (
				1F70CCCB1E105D0600AD351A /* Debug */,
				1F70CCCC1E105D0600AD351A /* Release */,
			);
			defaultConfigurationIsVisible = 0;
			defaultConfigurationName = Release;
		};
/* End XCConfigurationList section */

/* Begin XCVersionGroup section */
		1FC291D71EF1C25E007F7835 /* greenfoot.xcdatamodeld */ = {
			isa = XCVersionGroup;
			children = (
				1FC291D81EF1C25E007F7835 /* greenfoot.xcdatamodel */,
			);
			currentVersion = 1FC291D81EF1C25E007F7835 /* greenfoot.xcdatamodel */;
			path = greenfoot.xcdatamodeld;
			sourceTree = "<group>";
			versionGroupType = wrapper.xcdatamodel;
		};
/* End XCVersionGroup section */
	};
	rootObject = 1F70CCB01E105D0600AD351A /* Project object */;
}
